# This file was autogenerated by Stack.
# You should not edit this file by hand.
# For more information, please see the documentation at:
#   https://docs.haskellstack.org/en/stable/lock_files

packages:
- completed:
    commit: d5705b42006a08aa9dd8d2ea37d29fc7cf5559f6
    git: http://github.com/DaisukeBekki/JSeM.git
    name: jsem
    pantry-tree:
      sha256: e6ae8d999fd1f0d0e715e779f9cb660bb5d11b5a554d7e9e940f6dee7efa699d
      size: 5360
    version: 0.1.4
  original:
    commit: d5705b42006a08aa9dd8d2ea37d29fc7cf5559f6
    git: http://github.com/DaisukeBekki/JSeM.git
- completed:
    commit: 420532a54bae200890116a336911eb0c114c8930
    git: https://github.com/DaisukeBekki/lightblue.git
    name: lightblue
    pantry-tree:
      sha256: 6e0380cbc311f6a44a5f5015a3cc3170a72972580acf94e92be1d5fe9c5d15de
      size: 4971
    version: 0.2.0.4
  original:
    commit: 420532a54bae200890116a336911eb0c114c8930
    git: https://github.com/DaisukeBekki/lightblue.git
- completed:
    hackage: classy-prelude-yesod-1.5.0@sha256:8f7e183bdfd6d2ea9674284c4f285294ab086aff60d9be4e5d7d2f3c1a2b05b7,1330
    pantry-tree:
      sha256: ae84d4cc0e1daf985db6cdcf2ac92319531b8e60f547183cc46480d00aafbe20
      size: 330
  original:
    hackage: classy-prelude-yesod-1.5.0@sha256:8f7e183bdfd6d2ea9674284c4f285294ab086aff60d9be4e5d7d2f3c1a2b05b7,1330
snapshots:
- completed:
    sha256: 32716534fff554b7f90762130fdb985cabf29f157758934dd1c8f3892a646430
    size: 586103
    url: https://raw.githubusercontent.com/commercialhaskell/stackage-snapshots/master/lts/18/19.yaml
  original: lts-18.19
