# This file was autogenerated by Stack.
# You should not edit this file by hand.
# For more information, please see the documentation at:
#   https://docs.haskellstack.org/en/stable/lock_files

packages:
- completed:
    commit: c2cd39168e267007b4690dbf625329bac57a8185
    git: http://github.com/DaisukeBekki/JSeM
    name: jsem
    pantry-tree:
      sha256: c077c4221363f40ad472210b825128262eadba1f72d48c0f3ff304c463e24520
      size: 6040
    version: '1.1'
  original:
    commit: c2cd39168e267007b4690dbf625329bac57a8185
    git: http://github.com/DaisukeBekki/JSeM
- completed:
    commit: e4bd3783f4e872b8df29538d9219e41f40378363
    git: http://github.com/DaisukeBekki/nlp-tools
    name: nlp-tools
    pantry-tree:
      sha256: c06faa981b034f9cf3e97742d8ea9a2256c797beb65766aec3198e970144e04f
      size: 1864
    version: 0.2.0
  original:
    commit: e4bd3783f4e872b8df29538d9219e41f40378363
    git: http://github.com/DaisukeBekki/nlp-tools
- completed:
    hackage: classy-prelude-yesod-1.5.0@sha256:8f7e183bdfd6d2ea9674284c4f285294ab086aff60d9be4e5d7d2f3c1a2b05b7,1330
    pantry-tree:
      sha256: ae84d4cc0e1daf985db6cdcf2ac92319531b8e60f547183cc46480d00aafbe20
      size: 330
  original:
    hackage: classy-prelude-yesod-1.5.0@sha256:8f7e183bdfd6d2ea9674284c4f285294ab086aff60d9be4e5d7d2f3c1a2b05b7,1330
snapshots:
- completed:
    sha256: 32716534fff554b7f90762130fdb985cabf29f157758934dd1c8f3892a646430
    size: 586103
    url: https://raw.githubusercontent.com/commercialhaskell/stackage-snapshots/master/lts/18/19.yaml
  original: lts-18.19
